
Microsoft Visual Studio Solution File, Format Version 12.00
# Visual Studio Version 17
VisualStudioVersion = 17.6.33723.286
MinimumVisualStudioVersion = 10.0.40219.1
Project("{9092AA53-FB77-4645-B42D-1CCCA6BD08BD}") = "Coco's Hangout", "Coco's Hangout.njsproj", "{338D2619-8DE7-459C-B995-4DD294DBF0FE}"
EndProject
Global
	GlobalSection(SolutionConfigurationPlatforms) = preSolution
		Debug|Any CPU = Debug|Any CPU
		Release|Any CPU = Release|Any CPU
	EndGlobalSection
	GlobalSection(ProjectConfigurationPlatforms) = postSolution
		{338D2619-8DE7-459C-B995-4DD294DBF0FE}.Debug|Any CPU.ActiveCfg = Debug|Any CPU
		{338D2619-8DE7-459C-B995-4DD294DBF0FE}.Debug|Any CPU.Build.0 = Debug|Any CPU
		{338D2619-8DE7-459C-B995-4DD294DBF0FE}.Release|Any CPU.ActiveCfg = Release|Any CPU
		{338D2619-8DE7-459C-B995-4DD294DBF0FE}.Release|Any CPU.Build.0 = Release|Any CPU
	EndGlobalSection
	GlobalSection(SolutionProperties) = preSolution
		HideSolutionNode = FALSE
	EndGlobalSection
	GlobalSection(ExtensibilityGlobals) = postSolution
		SolutionGuid = {3BC17C35-D780-4024-82C8-1683A3CDF944}
	EndGlobalSection
EndGlobal
